
Microsoft Visual Studio Solution File, Format Version 12.00
# Visual Studio 15
VisualStudioVersion = 15.0.27004.2002
MinimumVisualStudioVersion = 10.0.40219.1
Project("{9A19103F-16F7-4668-BE54-9A1E7A4F7556}") = "UniCircleTools", "UniCircleTools\UniCircleTools.csproj", "{76929C4A-F81A-4867-978E-43B8D36739E4}"
EndProject
Global
	GlobalSection(SolutionConfigurationPlatforms) = preSolution
		Debug|Any CPU = Debug|Any CPU
		Release|Any CPU = Release|Any CPU
	EndGlobalSection
	GlobalSection(ProjectConfigurationPlatforms) = postSolution
		{76929C4A-F81A-4867-978E-43B8D36739E4}.Debug|Any CPU.ActiveCfg = Debug|Any CPU
		{76929C4A-F81A-4867-978E-43B8D36739E4}.Debug|Any CPU.Build.0 = Debug|Any CPU
		{76929C4A-F81A-4867-978E-43B8D36739E4}.Release|Any CPU.ActiveCfg = Release|Any CPU
		{76929C4A-F81A-4867-978E-43B8D36739E4}.Release|Any CPU.Build.0 = Release|Any CPU
	EndGlobalSection
	GlobalSection(SolutionProperties) = preSolution
		HideSolutionNode = FALSE
	EndGlobalSection
	GlobalSection(ExtensibilityGlobals) = postSolution
		SolutionGuid = {614C3659-8642-495A-98C2-68F37D87BD4B}
	EndGlobalSection
EndGlobal
